
Microsoft Visual Studio Solution File, Format Version 12.00
Project("{FAE04EC0-301F-11D3-BF4B-00C04F79EFBC}") = "ConsoleApptest", "ConsoleApptest\ConsoleApptest.csproj", "{5556FCE1-9821-4179-9FBE-32DB88C2B19A}"
EndProject
Global
	GlobalSection(SolutionConfigurationPlatforms) = preSolution
		Debug|Any CPU = Debug|Any CPU
		Release|Any CPU = Release|Any CPU
	EndGlobalSection
	GlobalSection(ProjectConfigurationPlatforms) = postSolution
		{5556FCE1-9821-4179-9FBE-32DB88C2B19A}.Debug|Any CPU.ActiveCfg = Debug|Any CPU
		{5556FCE1-9821-4179-9FBE-32DB88C2B19A}.Debug|Any CPU.Build.0 = Debug|Any CPU
		{5556FCE1-9821-4179-9FBE-32DB88C2B19A}.Release|Any CPU.ActiveCfg = Release|Any CPU
		{5556FCE1-9821-4179-9FBE-32DB88C2B19A}.Release|Any CPU.Build.0 = Release|Any CPU
	EndGlobalSection
EndGlobal
